// !$*UTF8*$!
{
	archiveVersion = 1;
	classes = {
	};
	objectVersion = 46;
	objects = {

/* Begin PBXBuildFile section */
		77707E36467761AB49043453 /* Pods_MyBalanceInquiryTests.framework in Frameworks */ = {isa = PBXBuildFile; fileRef = 30154F9F8F3E236AEA8DF6E8 /* Pods_MyBalanceInquiryTests.framework */; };
		7F2205811DB4903400EF1301 /* BankModel.swift in Sources */ = {isa = PBXBuildFile; fileRef = 7F2205801DB4903400EF1301 /* BankModel.swift */; };
		7F849E771DFD2BDF00E937F8 /* UIViewControllerExtension.swift in Sources */ = {isa = PBXBuildFile; fileRef = 7F849E761DFD2BDF00E937F8 /* UIViewControllerExtension.swift */; };
		7F9E85B71DB3C17F009E9BA3 /* AppDelegate.swift in Sources */ = {isa = PBXBuildFile; fileRef = 7F9E85B61DB3C17F009E9BA3 /* AppDelegate.swift */; };
		7FE339B11DAB906200E4B9C8 /* BankStatementCell.xib in Resources */ = {isa = PBXBuildFile; fileRef = 7FE339AF1DAB906200E4B9C8 /* BankStatementCell.xib */; };
		7FE339B91DAB926C00E4B9C8 /* AddNewBankViewController.swift in Sources */ = {isa = PBXBuildFile; fileRef = 7FE339B41DAB926C00E4B9C8 /* AddNewBankViewController.swift */; };
		7FE339BA1DAB926C00E4B9C8 /* BankingViewController.swift in Sources */ = {isa = PBXBuildFile; fileRef = 7FE339B51DAB926C00E4B9C8 /* BankingViewController.swift */; };
		7FE339BB1DAB926C00E4B9C8 /* GraghViewController.swift in Sources */ = {isa = PBXBuildFile; fileRef = 7FE339B61DAB926C00E4B9C8 /* GraghViewController.swift */; };
		7FE339BC1DAB926C00E4B9C8 /* MyBankViewController.swift in Sources */ = {isa = PBXBuildFile; fileRef = 7FE339B71DAB926C00E4B9C8 /* MyBankViewController.swift */; };
		7FE339BD1DAB926C00E4B9C8 /* ViewController.swift in Sources */ = {isa = PBXBuildFile; fileRef = 7FE339B81DAB926C00E4B9C8 /* ViewController.swift */; };
		7FE339BF1DAB933000E4B9C8 /* BankStatementCell.swift in Sources */ = {isa = PBXBuildFile; fileRef = 7FE339BE1DAB933000E4B9C8 /* BankStatementCell.swift */; };
		7FF803721D916039001ACB83 /* Main.storyboard in Resources */ = {isa = PBXBuildFile; fileRef = 7FF803701D916039001ACB83 /* Main.storyboard */; };
		7FF803741D916039001ACB83 /* Assets.xcassets in Resources */ = {isa = PBXBuildFile; fileRef = 7FF803731D916039001ACB83 /* Assets.xcassets */; };
		7FF803771D916039001ACB83 /* LaunchScreen.storyboard in Resources */ = {isa = PBXBuildFile; fileRef = 7FF803751D916039001ACB83 /* LaunchScreen.storyboard */; };
		7FF803821D916039001ACB83 /* MyBalanceInquiryTests.swift in Sources */ = {isa = PBXBuildFile; fileRef = 7FF803811D916039001ACB83 /* MyBalanceInquiryTests.swift */; };
		7FF8038D1D916039001ACB83 /* MyBalanceInquiryUITests.swift in Sources */ = {isa = PBXBuildFile; fileRef = 7FF8038C1D916039001ACB83 /* MyBalanceInquiryUITests.swift */; };
		9CD4ACB34477F593499E806C /* Pods_MyBalanceInquiryUITests.framework in Frameworks */ = {isa = PBXBuildFile; fileRef = B6DC2604CBF02D5843050E3E /* Pods_MyBalanceInquiryUITests.framework */; };
		F3C069DEF56407ED88CE69EA /* Pods_MyBalanceInquiry.framework in Frameworks */ = {isa = PBXBuildFile; fileRef = 3E57607E00E36FD6806D5A68 /* Pods_MyBalanceInquiry.framework */; };
/* End PBXBuildFile section */

/* Begin PBXContainerItemProxy section */
		7FF8037E1D916039001ACB83 /* PBXContainerItemProxy */ = {
			isa = PBXContainerItemProxy;
			containerPortal = 7FF803611D916039001ACB83 /* Project object */;
			proxyType = 1;
			remoteGlobalIDString = 7FF803681D916039001ACB83;
			remoteInfo = MyBalanceInquiry;
		};
		7FF803891D916039001ACB83 /* PBXContainerItemProxy */ = {
			isa = PBXContainerItemProxy;
			containerPortal = 7FF803611D916039001ACB83 /* Project object */;
			proxyType = 1;
			remoteGlobalIDString = 7FF803681D916039001ACB83;
			remoteInfo = MyBalanceInquiry;
		};
/* End PBXContainerItemProxy section */

/* Begin PBXFileReference section */
		30154F9F8F3E236AEA8DF6E8 /* Pods_MyBalanceInquiryTests.framework */ = {isa = PBXFileReference; explicitFileType = wrapper.framework; includeInIndex = 0; path = Pods_MyBalanceInquiryTests.framework; sourceTree = BUILT_PRODUCTS_DIR; };
		33CFE39AF3F98FA4146077A4 /* Pods-MyBalanceInquiryTests.debug.xcconfig */ = {isa = PBXFileReference; includeInIndex = 1; lastKnownFileType = text.xcconfig; name = "Pods-MyBalanceInquiryTests.debug.xcconfig"; path = "Pods/Target Support Files/Pods-MyBalanceInquiryTests/Pods-MyBalanceInquiryTests.debug.xcconfig"; sourceTree = "<group>"; };
		3511849C35E18866D4631AA4 /* Pods-MyBalanceInquiry.release.xcconfig */ = {isa = PBXFileReference; includeInIndex = 1; lastKnownFileType = text.xcconfig; name = "Pods-MyBalanceInquiry.release.xcconfig"; path = "Pods/Target Support Files/Pods-MyBalanceInquiry/Pods-MyBalanceInquiry.release.xcconfig"; sourceTree = "<group>"; };
		3E57607E00E36FD6806D5A68 /* Pods_MyBalanceInquiry.framework */ = {isa = PBXFileReference; explicitFileType = wrapper.framework; includeInIndex = 0; path = Pods_MyBalanceInquiry.framework; sourceTree = BUILT_PRODUCTS_DIR; };
		7724889A5277282F908001B4 /* Pods-MyBalanceInquiryUITests.debug.xcconfig */ = {isa = PBXFileReference; includeInIndex = 1; lastKnownFileType = text.xcconfig; name = "Pods-MyBalanceInquiryUITests.debug.xcconfig"; path = "Pods/Target Support Files/Pods-MyBalanceInquiryUITests/Pods-MyBalanceInquiryUITests.debug.xcconfig"; sourceTree = "<group>"; };
		7E10710D6BFD04532F3D9862 /* Pods-MyBalanceInquiryTests.release.xcconfig */ = {isa = PBXFileReference; includeInIndex = 1; lastKnownFileType = text.xcconfig; name = "Pods-MyBalanceInquiryTests.release.xcconfig"; path = "Pods/Target Support Files/Pods-MyBalanceInquiryTests/Pods-MyBalanceInquiryTests.release.xcconfig"; sourceTree = "<group>"; };
		7F2205801DB4903400EF1301 /* BankModel.swift */ = {isa = PBXFileReference; fileEncoding = 4; lastKnownFileType = sourcecode.swift; path = BankModel.swift; sourceTree = "<group>"; };
		7F849E761DFD2BDF00E937F8 /* UIViewControllerExtension.swift */ = {isa = PBXFileReference; fileEncoding = 4; lastKnownFileType = sourcecode.swift; path = UIViewControllerExtension.swift; sourceTree = "<group>"; };
		7F9E85B61DB3C17F009E9BA3 /* AppDelegate.swift */ = {isa = PBXFileReference; fileEncoding = 4; lastKnownFileType = sourcecode.swift; path = AppDelegate.swift; sourceTree = "<group>"; };
		7FE339AF1DAB906200E4B9C8 /* BankStatementCell.xib */ = {isa = PBXFileReference; fileEncoding = 4; lastKnownFileType = file.xib; path = BankStatementCell.xib; sourceTree = "<group>"; };
		7FE339B41DAB926C00E4B9C8 /* AddNewBankViewController.swift */ = {isa = PBXFileReference; fileEncoding = 4; lastKnownFileType = sourcecode.swift; path = AddNewBankViewController.swift; sourceTree = "<group>"; };
		7FE339B51DAB926C00E4B9C8 /* BankingViewController.swift */ = {isa = PBXFileReference; fileEncoding = 4; lastKnownFileType = sourcecode.swift; path = BankingViewController.swift; sourceTree = "<group>"; };
		7FE339B61DAB926C00E4B9C8 /* GraghViewController.swift */ = {isa = PBXFileReference; fileEncoding = 4; lastKnownFileType = sourcecode.swift; path = GraghViewController.swift; sourceTree = "<group>"; };
		7FE339B71DAB926C00E4B9C8 /* MyBankViewController.swift */ = {isa = PBXFileReference; fileEncoding = 4; lastKnownFileType = sourcecode.swift; path = MyBankViewController.swift; sourceTree = "<group>"; };
		7FE339B81DAB926C00E4B9C8 /* ViewController.swift */ = {isa = PBXFileReference; fileEncoding = 4; lastKnownFileType = sourcecode.swift; path = ViewController.swift; sourceTree = "<group>"; };
		7FE339BE1DAB933000E4B9C8 /* BankStatementCell.swift */ = {isa = PBXFileReference; fileEncoding = 4; lastKnownFileType = sourcecode.swift; path = BankStatementCell.swift; sourceTree = "<group>"; };
		7FF803691D916039001ACB83 /* MyBalanceInquiry.app */ = {isa = PBXFileReference; explicitFileType = wrapper.application; includeInIndex = 0; path = MyBalanceInquiry.app; sourceTree = BUILT_PRODUCTS_DIR; };
		7FF803711D916039001ACB83 /* Base */ = {isa = PBXFileReference; lastKnownFileType = file.storyboard; name = Base; path = Base.lproj/Main.storyboard; sourceTree = "<group>"; };
		7FF803731D916039001ACB83 /* Assets.xcassets */ = {isa = PBXFileReference; lastKnownFileType = folder.assetcatalog; path = Assets.xcassets; sourceTree = "<group>"; };
		7FF803761D916039001ACB83 /* Base */ = {isa = PBXFileReference; lastKnownFileType = file.storyboard; name = Base; path = Base.lproj/LaunchScreen.storyboard; sourceTree = "<group>"; };
		7FF803781D916039001ACB83 /* Info.plist */ = {isa = PBXFileReference; lastKnownFileType = text.plist.xml; path = Info.plist; sourceTree = "<group>"; };
		7FF8037D1D916039001ACB83 /* MyBalanceInquiryTests.xctest */ = {isa = PBXFileReference; explicitFileType = wrapper.cfbundle; includeInIndex = 0; path = MyBalanceInquiryTests.xctest; sourceTree = BUILT_PRODUCTS_DIR; };
		7FF803811D916039001ACB83 /* MyBalanceInquiryTests.swift */ = {isa = PBXFileReference; lastKnownFileType = sourcecode.swift; path = MyBalanceInquiryTests.swift; sourceTree = "<group>"; };
		7FF803831D916039001ACB83 /* Info.plist */ = {isa = PBXFileReference; lastKnownFileType = text.plist.xml; path = Info.plist; sourceTree = "<group>"; };
		7FF803881D916039001ACB83 /* MyBalanceInquiryUITests.xctest */ = {isa = PBXFileReference; explicitFileType = wrapper.cfbundle; includeInIndex = 0; path = MyBalanceInquiryUITests.xctest; sourceTree = BUILT_PRODUCTS_DIR; };
		7FF8038C1D916039001ACB83 /* MyBalanceInquiryUITests.swift */ = {isa = PBXFileReference; lastKnownFileType = sourcecode.swift; path = MyBalanceInquiryUITests.swift; sourceTree = "<group>"; };
		7FF8038E1D916039001ACB83 /* Info.plist */ = {isa = PBXFileReference; lastKnownFileType = text.plist.xml; path = Info.plist; sourceTree = "<group>"; };
		81D0C3655B8439D788B71C8D /* Pods-MyBalanceInquiry.debug.xcconfig */ = {isa = PBXFileReference; includeInIndex = 1; lastKnownFileType = text.xcconfig; name = "Pods-MyBalanceInquiry.debug.xcconfig"; path = "Pods/Target Support Files/Pods-MyBalanceInquiry/Pods-MyBalanceInquiry.debug.xcconfig"; sourceTree = "<group>"; };
		963BCD0210387B45DBC85DF6 /* Pods-MyBalanceInquiryUITests.release.xcconfig */ = {isa = PBXFileReference; includeInIndex = 1; lastKnownFileType = text.xcconfig; name = "Pods-MyBalanceInquiryUITests.release.xcconfig"; path = "Pods/Target Support Files/Pods-MyBalanceInquiryUITests/Pods-MyBalanceInquiryUITests.release.xcconfig"; sourceTree = "<group>"; };
		B6DC2604CBF02D5843050E3E /* Pods_MyBalanceInquiryUITests.framework */ = {isa = PBXFileReference; explicitFileType = wrapper.framework; includeInIndex = 0; path = Pods_MyBalanceInquiryUITests.framework; sourceTree = BUILT_PRODUCTS_DIR; };
/* End PBXFileReference section */

/* Begin PBXFrameworksBuildPhase section */
		7FF803661D916039001ACB83 /* Frameworks */ = {
			isa = PBXFrameworksBuildPhase;
			buildActionMask = 2147483647;
			files = (
				F3C069DEF56407ED88CE69EA /* Pods_MyBalanceInquiry.framework in Frameworks */,
			);
			runOnlyForDeploymentPostprocessing = 0;
		};
		7FF8037A1D916039001ACB83 /* Frameworks */ = {
			isa = PBXFrameworksBuildPhase;
			buildActionMask = 2147483647;
			files = (
				77707E36467761AB49043453 /* Pods_MyBalanceInquiryTests.framework in Frameworks */,
			);
			runOnlyForDeploymentPostprocessing = 0;
		};
		7FF803851D916039001ACB83 /* Frameworks */ = {
			isa = PBXFrameworksBuildPhase;
			buildActionMask = 2147483647;
			files = (
				9CD4ACB34477F593499E806C /* Pods_MyBalanceInquiryUITests.framework in Frameworks */,
			);
			runOnlyForDeploymentPostprocessing = 0;
		};
/* End PBXFrameworksBuildPhase section */

/* Begin PBXGroup section */
		03FCC59AD03935158091CD0E /* Pods */ = {
			isa = PBXGroup;
			children = (
				81D0C3655B8439D788B71C8D /* Pods-MyBalanceInquiry.debug.xcconfig */,
				3511849C35E18866D4631AA4 /* Pods-MyBalanceInquiry.release.xcconfig */,
				33CFE39AF3F98FA4146077A4 /* Pods-MyBalanceInquiryTests.debug.xcconfig */,
				7E10710D6BFD04532F3D9862 /* Pods-MyBalanceInquiryTests.release.xcconfig */,
				7724889A5277282F908001B4 /* Pods-MyBalanceInquiryUITests.debug.xcconfig */,
				963BCD0210387B45DBC85DF6 /* Pods-MyBalanceInquiryUITests.release.xcconfig */,
			);
			name = Pods;
			sourceTree = "<group>";
		};
		7F9E85B51DB3C17F009E9BA3 /* Application */ = {
			isa = PBXGroup;
			children = (
				7F9E85B61DB3C17F009E9BA3 /* AppDelegate.swift */,
			);
			path = Application;
			sourceTree = "<group>";
		};
		7FE339AE1DAB8F6A00E4B9C8 /* Views */ = {
			isa = PBXGroup;
			children = (
				7FE339BE1DAB933000E4B9C8 /* BankStatementCell.swift */,
				7FE339AF1DAB906200E4B9C8 /* BankStatementCell.xib */,
			);
			path = Views;
			sourceTree = "<group>";
		};
		7FE339B31DAB91F300E4B9C8 /* Controller */ = {
			isa = PBXGroup;
			children = (
				7FE339B81DAB926C00E4B9C8 /* ViewController.swift */,
				7FE339B71DAB926C00E4B9C8 /* MyBankViewController.swift */,
				7FE339B51DAB926C00E4B9C8 /* BankingViewController.swift */,
				7FE339B41DAB926C00E4B9C8 /* AddNewBankViewController.swift */,
				7FE339B61DAB926C00E4B9C8 /* GraghViewController.swift */,
				7F849E761DFD2BDF00E937F8 /* UIViewControllerExtension.swift */,
			);
			path = Controller;
			sourceTree = "<group>";
		};
		7FE339C01DAB946500E4B9C8 /* Model */ = {
			isa = PBXGroup;
			children = (
				7F2205801DB4903400EF1301 /* BankModel.swift */,
			);
			path = Model;
			sourceTree = "<group>";
		};
		7FF803601D916039001ACB83 = {
			isa = PBXGroup;
			children = (
				7FF8036B1D916039001ACB83 /* MyBalanceInquiry */,
				7FF803801D916039001ACB83 /* MyBalanceInquiryTests */,
				7FF8038B1D916039001ACB83 /* MyBalanceInquiryUITests */,
				7FF8036A1D916039001ACB83 /* Products */,
				03FCC59AD03935158091CD0E /* Pods */,
				84ED473E1893791A7C0E0476 /* Frameworks */,
			);
			sourceTree = "<group>";
		};
		7FF8036A1D916039001ACB83 /* Products */ = {
			isa = PBXGroup;
			children = (
				7FF803691D916039001ACB83 /* MyBalanceInquiry.app */,
				7FF8037D1D916039001ACB83 /* MyBalanceInquiryTests.xctest */,
				7FF803881D916039001ACB83 /* MyBalanceInquiryUITests.xctest */,
			);
			name = Products;
			sourceTree = "<group>";
		};
		7FF8036B1D916039001ACB83 /* MyBalanceInquiry */ = {
			isa = PBXGroup;
			children = (
				7F9E85B51DB3C17F009E9BA3 /* Application */,
				7FE339AE1DAB8F6A00E4B9C8 /* Views */,
				7FE339B31DAB91F300E4B9C8 /* Controller */,
				7FE339C01DAB946500E4B9C8 /* Model */,
				7FF803701D916039001ACB83 /* Main.storyboard */,
				7FF803731D916039001ACB83 /* Assets.xcassets */,
				7FF803751D916039001ACB83 /* LaunchScreen.storyboard */,
				7FF803781D916039001ACB83 /* Info.plist */,
			);
			path = MyBalanceInquiry;
			sourceTree = "<group>";
		};
		7FF803801D916039001ACB83 /* MyBalanceInquiryTests */ = {
			isa = PBXGroup;
			children = (
				7FF803811D916039001ACB83 /* MyBalanceInquiryTests.swift */,
				7FF803831D916039001ACB83 /* Info.plist */,
			);
			path = MyBalanceInquiryTests;
			sourceTree = "<group>";
		};
		7FF8038B1D916039001ACB83 /* MyBalanceInquiryUITests */ = {
			isa = PBXGroup;
			children = (
				7FF8038C1D916039001ACB83 /* MyBalanceInquiryUITests.swift */,
				7FF8038E1D916039001ACB83 /* Info.plist */,
			);
			path = MyBalanceInquiryUITests;
			sourceTree = "<group>";
		};
		84ED473E1893791A7C0E0476 /* Frameworks */ = {
			isa = PBXGroup;
			children = (
				3E57607E00E36FD6806D5A68 /* Pods_MyBalanceInquiry.framework */,
				30154F9F8F3E236AEA8DF6E8 /* Pods_MyBalanceInquiryTests.framework */,
				B6DC2604CBF02D5843050E3E /* Pods_MyBalanceInquiryUITests.framework */,
			);
			name = Frameworks;
			sourceTree = "<group>";
		};
/* End PBXGroup section */

/* Begin PBXNativeTarget section */
		7FF803681D916039001ACB83 /* MyBalanceInquiry */ = {
			isa = PBXNativeTarget;
			buildConfigurationList = 7FF803911D916039001ACB83 /* Build configuration list for PBXNativeTarget "MyBalanceInquiry" */;
			buildPhases = (
				967FDC0F7A987C539DB32862 /* [CP] Check Pods Manifest.lock */,
				7FF803651D916039001ACB83 /* Sources */,
				7FF803661D916039001ACB83 /* Frameworks */,
				7FF803671D916039001ACB83 /* Resources */,
				5ABBDCB5A4DFF6C1614464A3 /* [CP] Embed Pods Frameworks */,
				85CD1D0945971594A3921729 /* [CP] Copy Pods Resources */,
			);
			buildRules = (
			);
			dependencies = (
			);
			name = MyBalanceInquiry;
			productName = MyBalanceInquiry;
			productReference = 7FF803691D916039001ACB83 /* MyBalanceInquiry.app */;
			productType = "com.apple.product-type.application";
		};
		7FF8037C1D916039001ACB83 /* MyBalanceInquiryTests */ = {
			isa = PBXNativeTarget;
			buildConfigurationList = 7FF803941D916039001ACB83 /* Build configuration list for PBXNativeTarget "MyBalanceInquiryTests" */;
			buildPhases = (
				9C2FE0980B4842119BE67E58 /* [CP] Check Pods Manifest.lock */,
				7FF803791D916039001ACB83 /* Sources */,
				7FF8037A1D916039001ACB83 /* Frameworks */,
				7FF8037B1D916039001ACB83 /* Resources */,
				617F20B5E68C97E2F4FA6BBA /* [CP] Embed Pods Frameworks */,
				CFCABE76FF01D1D4908C86E2 /* [CP] Copy Pods Resources */,
			);
			buildRules = (
			);
			dependencies = (
				7FF8037F1D916039001ACB83 /* PBXTargetDependency */,
			);
			name = MyBalanceInquiryTests;
			productName = MyBalanceInquiryTests;
			productReference = 7FF8037D1D916039001ACB83 /* MyBalanceInquiryTests.xctest */;
			productType = "com.apple.product-type.bundle.unit-test";
		};
		7FF803871D916039001ACB83 /* MyBalanceInquiryUITests */ = {
			isa = PBXNativeTarget;
			buildConfigurationList = 7FF803971D916039001ACB83 /* Build configuration list for PBXNativeTarget "MyBalanceInquiryUITests" */;
			buildPhases = (
				ACA12CD8AF8A2189DAEBDAA1 /* [CP] Check Pods Manifest.lock */,
				7FF803841D916039001ACB83 /* Sources */,
				7FF803851D916039001ACB83 /* Frameworks */,
				7FF803861D916039001ACB83 /* Resources */,
				A9741BAD0439EE82CF703BF0 /* [CP] Embed Pods Frameworks */,
				AC3F5B6376F05113711414C0 /* [CP] Copy Pods Resources */,
			);
			buildRules = (
			);
			dependencies = (
				7FF8038A1D916039001ACB83 /* PBXTargetDependency */,
			);
			name = MyBalanceInquiryUITests;
			productName = MyBalanceInquiryUITests;
			productReference = 7FF803881D916039001ACB83 /* MyBalanceInquiryUITests.xctest */;
			productType = "com.apple.product-type.bundle.ui-testing";
		};
/* End PBXNativeTarget section */

/* Begin PBXProject section */
		7FF803611D916039001ACB83 /* Project object */ = {
			isa = PBXProject;
			attributes = {
				LastSwiftUpdateCheck = 0800;
				LastUpgradeCheck = 0810;
				ORGANIZATIONNAME = "酒井恭平";
				TargetAttributes = {
					7FF803681D916039001ACB83 = {
						CreatedOnToolsVersion = 8.0;
						DevelopmentTeam = L92T6S2ZF8;
						ProvisioningStyle = Automatic;
					};
					7FF8037C1D916039001ACB83 = {
						CreatedOnToolsVersion = 8.0;
						DevelopmentTeam = L92T6S2ZF8;
						ProvisioningStyle = Automatic;
						TestTargetID = 7FF803681D916039001ACB83;
					};
					7FF803871D916039001ACB83 = {
						CreatedOnToolsVersion = 8.0;
						DevelopmentTeam = L92T6S2ZF8;
						ProvisioningStyle = Automatic;
						TestTargetID = 7FF803681D916039001ACB83;
					};
				};
			};
			buildConfigurationList = 7FF803641D916039001ACB83 /* Build configuration list for PBXProject "MyBalanceInquiry" */;
			compatibilityVersion = "Xcode 3.2";
			developmentRegion = English;
			hasScannedForEncodings = 0;
			knownRegions = (
				en,
				Base,
			);
			mainGroup = 7FF803601D916039001ACB83;
			productRefGroup = 7FF8036A1D916039001ACB83 /* Products */;
			projectDirPath = "";
			projectRoot = "";
			targets = (
				7FF803681D916039001ACB83 /* MyBalanceInquiry */,
				7FF8037C1D916039001ACB83 /* MyBalanceInquiryTests */,
				7FF803871D916039001ACB83 /* MyBalanceInquiryUITests */,
			);
		};
/* End PBXProject section */

/* Begin PBXResourcesBuildPhase section */
		7FF803671D916039001ACB83 /* Resources */ = {
			isa = PBXResourcesBuildPhase;
			buildActionMask = 2147483647;
			files = (
				7FF803771D916039001ACB83 /* LaunchScreen.storyboard in Resources */,
				7FF803741D916039001ACB83 /* Assets.xcassets in Resources */,
				7FF803721D916039001ACB83 /* Main.storyboard in Resources */,
				7FE339B11DAB906200E4B9C8 /* BankStatementCell.xib in Resources */,
			);
			runOnlyForDeploymentPostprocessing = 0;
		};
		7FF8037B1D916039001ACB83 /* Resources */ = {
			isa = PBXResourcesBuildPhase;
			buildActionMask = 2147483647;
			files = (
			);
			runOnlyForDeploymentPostprocessing = 0;
		};
		7FF803861D916039001ACB83 /* Resources */ = {
			isa = PBXResourcesBuildPhase;
			buildActionMask = 2147483647;
			files = (
			);
			runOnlyForDeploymentPostprocessing = 0;
		};
/* End PBXResourcesBuildPhase section */

/* Begin PBXShellScriptBuildPhase section */
		5ABBDCB5A4DFF6C1614464A3 /* [CP] Embed Pods Frameworks */ = {
			isa = PBXShellScriptBuildPhase;
			buildActionMask = 2147483647;
			files = (
			);
			inputPaths = (
			);
			name = "[CP] Embed Pods Frameworks";
			outputPaths = (
			);
			runOnlyForDeploymentPostprocessing = 0;
			shellPath = /bin/sh;
			shellScript = "\"${SRCROOT}/Pods/Target Support Files/Pods-MyBalanceInquiry/Pods-MyBalanceInquiry-frameworks.sh\"\n";
			showEnvVarsInLog = 0;
		};
		617F20B5E68C97E2F4FA6BBA /* [CP] Embed Pods Frameworks */ = {
			isa = PBXShellScriptBuildPhase;
			buildActionMask = 2147483647;
			files = (
			);
			inputPaths = (
			);
			name = "[CP] Embed Pods Frameworks";
			outputPaths = (
			);
			runOnlyForDeploymentPostprocessing = 0;
			shellPath = /bin/sh;
			shellScript = "\"${SRCROOT}/Pods/Target Support Files/Pods-MyBalanceInquiryTests/Pods-MyBalanceInquiryTests-frameworks.sh\"\n";
			showEnvVarsInLog = 0;
		};
		85CD1D0945971594A3921729 /* [CP] Copy Pods Resources */ = {
			isa = PBXShellScriptBuildPhase;
			buildActionMask = 2147483647;
			files = (
			);
			inputPaths = (
			);
			name = "[CP] Copy Pods Resources";
			outputPaths = (
			);
			runOnlyForDeploymentPostprocessing = 0;
			shellPath = /bin/sh;
			shellScript = "\"${SRCROOT}/Pods/Target Support Files/Pods-MyBalanceInquiry/Pods-MyBalanceInquiry-resources.sh\"\n";
			showEnvVarsInLog = 0;
		};
		967FDC0F7A987C539DB32862 /* [CP] Check Pods Manifest.lock */ = {
			isa = PBXShellScriptBuildPhase;
			buildActionMask = 2147483647;
			files = (
			);
			inputPaths = (
			);
			name = "[CP] Check Pods Manifest.lock";
			outputPaths = (
			);
			runOnlyForDeploymentPostprocessing = 0;
			shellPath = /bin/sh;
			shellScript = "diff \"${PODS_ROOT}/../Podfile.lock\" \"${PODS_ROOT}/Manifest.lock\" > /dev/null\nif [ $? != 0 ] ; then\n    # print error to STDERR\n    echo \"error: The sandbox is not in sync with the Podfile.lock. Run 'pod install' or update your CocoaPods installation.\" >&2\n    exit 1\nfi\n";
			showEnvVarsInLog = 0;
		};
		9C2FE0980B4842119BE67E58 /* [CP] Check Pods Manifest.lock */ = {
			isa = PBXShellScriptBuildPhase;
			buildActionMask = 2147483647;
			files = (
			);
			inputPaths = (
			);
			name = "[CP] Check Pods Manifest.lock";
			outputPaths = (
			);
			runOnlyForDeploymentPostprocessing = 0;
			shellPath = /bin/sh;
			shellScript = "diff \"${PODS_ROOT}/../Podfile.lock\" \"${PODS_ROOT}/Manifest.lock\" > /dev/null\nif [ $? != 0 ] ; then\n    # print error to STDERR\n    echo \"error: The sandbox is not in sync with the Podfile.lock. Run 'pod install' or update your CocoaPods installation.\" >&2\n    exit 1\nfi\n";
			showEnvVarsInLog = 0;
		};
		A9741BAD0439EE82CF703BF0 /* [CP] Embed Pods Frameworks */ = {
			isa = PBXShellScriptBuildPhase;
			buildActionMask = 2147483647;
			files = (
			);
			inputPaths = (
			);
			name = "[CP] Embed Pods Frameworks";
			outputPaths = (
			);
			runOnlyForDeploymentPostprocessing = 0;
			shellPath = /bin/sh;
			shellScript = "\"${SRCROOT}/Pods/Target Support Files/Pods-MyBalanceInquiryUITests/Pods-MyBalanceInquiryUITests-frameworks.sh\"\n";
			showEnvVarsInLog = 0;
		};
		AC3F5B6376F05113711414C0 /* [CP] Copy Pods Resources */ = {
			isa = PBXShellScriptBuildPhase;
			buildActionMask = 2147483647;
			files = (
			);
			inputPaths = (
			);
			name = "[CP] Copy Pods Resources";
			outputPaths = (
			);
			runOnlyForDeploymentPostprocessing = 0;
			shellPath = /bin/sh;
			shellScript = "\"${SRCROOT}/Pods/Target Support Files/Pods-MyBalanceInquiryUITests/Pods-MyBalanceInquiryUITests-resources.sh\"\n";
			showEnvVarsInLog = 0;
		};
		ACA12CD8AF8A2189DAEBDAA1 /* [CP] Check Pods Manifest.lock */ = {
			isa = PBXShellScriptBuildPhase;
			buildActionMask = 2147483647;
			files = (
			);
			inputPaths = (
			);
			name = "[CP] Check Pods Manifest.lock";
			outputPaths = (
			);
			runOnlyForDeploymentPostprocessing = 0;
			shellPath = /bin/sh;
			shellScript = "diff \"${PODS_ROOT}/../Podfile.lock\" \"${PODS_ROOT}/Manifest.lock\" > /dev/null\nif [ $? != 0 ] ; then\n    # print error to STDERR\n    echo \"error: The sandbox is not in sync with the Podfile.lock. Run 'pod install' or update your CocoaPods installation.\" >&2\n    exit 1\nfi\n";
			showEnvVarsInLog = 0;
		};
		CFCABE76FF01D1D4908C86E2 /* [CP] Copy Pods Resources */ = {
			isa = PBXShellScriptBuildPhase;
			buildActionMask = 2147483647;
			files = (
			);
			inputPaths = (
			);
			name = "[CP] Copy Pods Resources";
			outputPaths = (
			);
			runOnlyForDeploymentPostprocessing = 0;
			shellPath = /bin/sh;
			shellScript = "\"${SRCROOT}/Pods/Target Support Files/Pods-MyBalanceInquiryTests/Pods-MyBalanceInquiryTests-resources.sh\"\n";
			showEnvVarsInLog = 0;
		};
/* End PBXShellScriptBuildPhase section */

/* Begin PBXSourcesBuildPhase section */
		7FF803651D916039001ACB83 /* Sources */ = {
			isa = PBXSourcesBuildPhase;
			buildActionMask = 2147483647;
			files = (
				7FE339BD1DAB926C00E4B9C8 /* ViewController.swift in Sources */,
				7FE339BF1DAB933000E4B9C8 /* BankStatementCell.swift in Sources */,
				7FE339BB1DAB926C00E4B9C8 /* GraghViewController.swift in Sources */,
				7F9E85B71DB3C17F009E9BA3 /* AppDelegate.swift in Sources */,
				7FE339BC1DAB926C00E4B9C8 /* MyBankViewController.swift in Sources */,
				7FE339B91DAB926C00E4B9C8 /* AddNewBankViewController.swift in Sources */,
				7F2205811DB4903400EF1301 /* BankModel.swift in Sources */,
				7F849E771DFD2BDF00E937F8 /* UIViewControllerExtension.swift in Sources */,
				7FE339BA1DAB926C00E4B9C8 /* BankingViewController.swift in Sources */,
			);
			runOnlyForDeploymentPostprocessing = 0;
		};
		7FF803791D916039001ACB83 /* Sources */ = {
			isa = PBXSourcesBuildPhase;
			buildActionMask = 2147483647;
			files = (
				7FF803821D916039001ACB83 /* MyBalanceInquiryTests.swift in Sources */,
			);
			runOnlyForDeploymentPostprocessing = 0;
		};
		7FF803841D916039001ACB83 /* Sources */ = {
			isa = PBXSourcesBuildPhase;
			buildActionMask = 2147483647;
			files = (
				7FF8038D1D916039001ACB83 /* MyBalanceInquiryUITests.swift in Sources */,
			);
			runOnlyForDeploymentPostprocessing = 0;
		};
/* End PBXSourcesBuildPhase section */

/* Begin PBXTargetDependency section */
		7FF8037F1D916039001ACB83 /* PBXTargetDependency */ = {
			isa = PBXTargetDependency;
			target = 7FF803681D916039001ACB83 /* MyBalanceInquiry */;
			targetProxy = 7FF8037E1D916039001ACB83 /* PBXContainerItemProxy */;
		};
		7FF8038A1D916039001ACB83 /* PBXTargetDependency */ = {
			isa = PBXTargetDependency;
			target = 7FF803681D916039001ACB83 /* MyBalanceInquiry */;
			targetProxy = 7FF803891D916039001ACB83 /* PBXContainerItemProxy */;
		};
/* End PBXTargetDependency section */

/* Begin PBXVariantGroup section */
		7FF803701D916039001ACB83 /* Main.storyboard */ = {
			isa = PBXVariantGroup;
			children = (
				7FF803711D916039001ACB83 /* Base */,
			);
			name = Main.storyboard;
			sourceTree = "<group>";
		};
		7FF803751D916039001ACB83 /* LaunchScreen.storyboard */ = {
			isa = PBXVariantGroup;
			children = (
				7FF803761D916039001ACB83 /* Base */,
			);
			name = LaunchScreen.storyboard;
			sourceTree = "<group>";
		};
/* End PBXVariantGroup section */

/* Begin XCBuildConfiguration section */
		7FF8038F1D916039001ACB83 /* Debug */ = {
			isa = XCBuildConfiguration;
			buildSettings = {
				ALWAYS_SEARCH_USER_PATHS = NO;
				CLANG_ANALYZER_NONNULL = YES;
				CLANG_CXX_LANGUAGE_STANDARD = "gnu++0x";
				CLANG_CXX_LIBRARY = "libc++";
				CLANG_ENABLE_MODULES = YES;
				CLANG_ENABLE_OBJC_ARC = YES;
				CLANG_WARN_BOOL_CONVERSION = YES;
				CLANG_WARN_CONSTANT_CONVERSION = YES;
				CLANG_WARN_DIRECT_OBJC_ISA_USAGE = YES_ERROR;
				CLANG_WARN_DOCUMENTATION_COMMENTS = YES;
				CLANG_WARN_EMPTY_BODY = YES;
				CLANG_WARN_ENUM_CONVERSION = YES;
				CLANG_WARN_INFINITE_RECURSION = YES;
				CLANG_WARN_INT_CONVERSION = YES;
				CLANG_WARN_OBJC_ROOT_CLASS = YES_ERROR;
				CLANG_WARN_SUSPICIOUS_MOVE = YES;
				CLANG_WARN_SUSPICIOUS_MOVES = YES;
				CLANG_WARN_UNREACHABLE_CODE = YES;
				CLANG_WARN__DUPLICATE_METHOD_MATCH = YES;
				"CODE_SIGN_IDENTITY[sdk=iphoneos*]" = "iPhone Developer";
				COPY_PHASE_STRIP = NO;
				DEBUG_INFORMATION_FORMAT = dwarf;
				ENABLE_STRICT_OBJC_MSGSEND = YES;
				ENABLE_TESTABILITY = YES;
				GCC_C_LANGUAGE_STANDARD = gnu99;
				GCC_DYNAMIC_NO_PIC = NO;
				GCC_NO_COMMON_BLOCKS = YES;
				GCC_OPTIMIZATION_LEVEL = 0;
				GCC_PREPROCESSOR_DEFINITIONS = (
					"DEBUG=1",
					"$(inherited)",
				);
				GCC_WARN_64_TO_32_BIT_CONVERSION = YES;
				GCC_WARN_ABOUT_RETURN_TYPE = YES_ERROR;
				GCC_WARN_UNDECLARED_SELECTOR = YES;
				GCC_WARN_UNINITIALIZED_AUTOS = YES_AGGRESSIVE;
				GCC_WARN_UNUSED_FUNCTION = YES;
				GCC_WARN_UNUSED_VARIABLE = YES;
				IPHONEOS_DEPLOYMENT_TARGET = 10.0;
				MTL_ENABLE_DEBUG_INFO = YES;
				ONLY_ACTIVE_ARCH = YES;
				SDKROOT = iphoneos;
				SWIFT_ACTIVE_COMPILATION_CONDITIONS = DEBUG;
				SWIFT_OPTIMIZATION_LEVEL = "-Onone";
			};
			name = Debug;
		};
		7FF803901D916039001ACB83 /* Release */ = {
			isa = XCBuildConfiguration;
			buildSettings = {
				ALWAYS_SEARCH_USER_PATHS = NO;
				CLANG_ANALYZER_NONNULL = YES;
				CLANG_CXX_LANGUAGE_STANDARD = "gnu++0x";
				CLANG_CXX_LIBRARY = "libc++";
				CLANG_ENABLE_MODULES = YES;
				CLANG_ENABLE_OBJC_ARC = YES;
				CLANG_WARN_BOOL_CONVERSION = YES;
				CLANG_WARN_CONSTANT_CONVERSION = YES;
				CLANG_WARN_DIRECT_OBJC_ISA_USAGE = YES_ERROR;
				CLANG_WARN_DOCUMENTATION_COMMENTS = YES;
				CLANG_WARN_EMPTY_BODY = YES;
				CLANG_WARN_ENUM_CONVERSION = YES;
				CLANG_WARN_INFINITE_RECURSION = YES;
				CLANG_WARN_INT_CONVERSION = YES;
				CLANG_WARN_OBJC_ROOT_CLASS = YES_ERROR;
				CLANG_WARN_SUSPICIOUS_MOVE = YES;
				CLANG_WARN_SUSPICIOUS_MOVES = YES;
				CLANG_WARN_UNREACHABLE_CODE = YES;
				CLANG_WARN__DUPLICATE_METHOD_MATCH = YES;
				"CODE_SIGN_IDENTITY[sdk=iphoneos*]" = "iPhone Developer";
				COPY_PHASE_STRIP = NO;
				DEBUG_INFORMATION_FORMAT = "dwarf-with-dsym";
				ENABLE_NS_ASSERTIONS = NO;
				ENABLE_STRICT_OBJC_MSGSEND = YES;
				GCC_C_LANGUAGE_STANDARD = gnu99;
				GCC_NO_COMMON_BLOCKS = YES;
				GCC_WARN_64_TO_32_BIT_CONVERSION = YES;
				GCC_WARN_ABOUT_RETURN_TYPE = YES_ERROR;
				GCC_WARN_UNDECLARED_SELECTOR = YES;
				GCC_WARN_UNINITIALIZED_AUTOS = YES_AGGRESSIVE;
				GCC_WARN_UNUSED_FUNCTION = YES;
				GCC_WARN_UNUSED_VARIABLE = YES;
				IPHONEOS_DEPLOYMENT_TARGET = 10.0;
				MTL_ENABLE_DEBUG_INFO = NO;
				SDKROOT = iphoneos;
				SWIFT_OPTIMIZATION_LEVEL = "-Owholemodule";
				VALIDATE_PRODUCT = YES;
			};
			name = Release;
		};
		7FF803921D916039001ACB83 /* Debug */ = {
			isa = XCBuildConfiguration;
			baseConfigurationReference = 81D0C3655B8439D788B71C8D /* Pods-MyBalanceInquiry.debug.xcconfig */;
			buildSettings = {
				ASSETCATALOG_COMPILER_APPICON_NAME = AppIcon;
				DEVELOPMENT_TEAM = L92T6S2ZF8;
				INFOPLIST_FILE = MyBalanceInquiry/Info.plist;
				IPHONEOS_DEPLOYMENT_TARGET = 10.0;
				LD_RUNPATH_SEARCH_PATHS = "$(inherited) @executable_path/Frameworks";
				PRODUCT_BUNDLE_IDENTIFIER = kyohei.MyBalanceInquiry;
				PRODUCT_NAME = "$(TARGET_NAME)";
				SWIFT_VERSION = 3.0;
				TARGETED_DEVICE_FAMILY = 1;
			};
			name = Debug;
		};
		7FF803931D916039001ACB83 /* Release */ = {
			isa = XCBuildConfiguration;
			baseConfigurationReference = 3511849C35E18866D4631AA4 /* Pods-MyBalanceInquiry.release.xcconfig */;
			buildSettings = {
				ASSETCATALOG_COMPILER_APPICON_NAME = AppIcon;
				DEVELOPMENT_TEAM = L92T6S2ZF8;
				INFOPLIST_FILE = MyBalanceInquiry/Info.plist;
				IPHONEOS_DEPLOYMENT_TARGET = 10.0;
				LD_RUNPATH_SEARCH_PATHS = "$(inherited) @executable_path/Frameworks";
				PRODUCT_BUNDLE_IDENTIFIER = kyohei.MyBalanceInquiry;
				PRODUCT_NAME = "$(TARGET_NAME)";
				SWIFT_VERSION = 3.0;
				TARGETED_DEVICE_FAMILY = 1;
			};
			name = Release;
		};
		7FF803951D916039001ACB83 /* Debug */ = {
			isa = XCBuildConfiguration;
			baseConfigurationReference = 33CFE39AF3F98FA4146077A4 /* Pods-MyBalanceInquiryTests.debug.xcconfig */;
			buildSettings = {
				ALWAYS_EMBED_SWIFT_STANDARD_LIBRARIES = YES;
				BUNDLE_LOADER = "$(TEST_HOST)";
				DEVELOPMENT_TEAM = L92T6S2ZF8;
				INFOPLIST_FILE = MyBalanceInquiryTests/Info.plist;
				LD_RUNPATH_SEARCH_PATHS = "$(inherited) @executable_path/Frameworks @loader_path/Frameworks";
				PRODUCT_BUNDLE_IDENTIFIER = kyohei.MyBalanceInquiryTests;
				PRODUCT_NAME = "$(TARGET_NAME)";
				SWIFT_VERSION = 3.0;
				TEST_HOST = "$(BUILT_PRODUCTS_DIR)/MyBalanceInquiry.app/MyBalanceInquiry";
			};
			name = Debug;
		};
		7FF803961D916039001ACB83 /* Release */ = {
			isa = XCBuildConfiguration;
			baseConfigurationReference = 7E10710D6BFD04532F3D9862 /* Pods-MyBalanceInquiryTests.release.xcconfig */;
			buildSettings = {
				ALWAYS_EMBED_SWIFT_STANDARD_LIBRARIES = YES;
				BUNDLE_LOADER = "$(TEST_HOST)";
				DEVELOPMENT_TEAM = L92T6S2ZF8;
				INFOPLIST_FILE = MyBalanceInquiryTests/Info.plist;
				LD_RUNPATH_SEARCH_PATHS = "$(inherited) @executable_path/Frameworks @loader_path/Frameworks";
				PRODUCT_BUNDLE_IDENTIFIER = kyohei.MyBalanceInquiryTests;
				PRODUCT_NAME = "$(TARGET_NAME)";
				SWIFT_VERSION = 3.0;
				TEST_HOST = "$(BUILT_PRODUCTS_DIR)/MyBalanceInquiry.app/MyBalanceInquiry";
			};
			name = Release;
		};
		7FF803981D916039001ACB83 /* Debug */ = {
			isa = XCBuildConfiguration;
			baseConfigurationReference = 7724889A5277282F908001B4 /* Pods-MyBalanceInquiryUITests.debug.xcconfig */;
			buildSettings = {
				ALWAYS_EMBED_SWIFT_STANDARD_LIBRARIES = YES;
				DEVELOPMENT_TEAM = L92T6S2ZF8;
				INFOPLIST_FILE = MyBalanceInquiryUITests/Info.plist;
				LD_RUNPATH_SEARCH_PATHS = "$(inherited) @executable_path/Frameworks @loader_path/Frameworks";
				PRODUCT_BUNDLE_IDENTIFIER = kyohei.MyBalanceInquiryUITests;
				PRODUCT_NAME = "$(TARGET_NAME)";
				SWIFT_VERSION = 3.0;
				TEST_TARGET_NAME = MyBalanceInquiry;
			};
			name = Debug;
		};
		7FF803991D916039001ACB83 /* Release */ = {
			isa = XCBuildConfiguration;
			baseConfigurationReference = 963BCD0210387B45DBC85DF6 /* Pods-MyBalanceInquiryUITests.release.xcconfig */;
			buildSettings = {
				ALWAYS_EMBED_SWIFT_STANDARD_LIBRARIES = YES;
				DEVELOPMENT_TEAM = L92T6S2ZF8;
				INFOPLIST_FILE = MyBalanceInquiryUITests/Info.plist;
				LD_RUNPATH_SEARCH_PATHS = "$(inherited) @executable_path/Frameworks @loader_path/Frameworks";
				PRODUCT_BUNDLE_IDENTIFIER = kyohei.MyBalanceInquiryUITests;
				PRODUCT_NAME = "$(TARGET_NAME)";
				SWIFT_VERSION = 3.0;
				TEST_TARGET_NAME = MyBalanceInquiry;
			};
			name = Release;
		};
/* End XCBuildConfiguration section */

/* Begin XCConfigurationList section */
		7FF803641D916039001ACB83 /* Build configuration list for PBXProject "MyBalanceInquiry" */ = {
			isa = XCConfigurationList;
			buildConfigurations = (
				7FF8038F1D916039001ACB83 /* Debug */,
				7FF803901D916039001ACB83 /* Release */,
			);
			defaultConfigurationIsVisible = 0;
			defaultConfigurationName = Release;
		};
		7FF803911D916039001ACB83 /* Build configuration list for PBXNativeTarget "MyBalanceInquiry" */ = {
			isa = XCConfigurationList;
			buildConfigurations = (
				7FF803921D916039001ACB83 /* Debug */,
				7FF803931D916039001ACB83 /* Release */,
			);
			defaultConfigurationIsVisible = 0;
			defaultConfigurationName = Release;
		};
		7FF803941D916039001ACB83 /* Build configuration list for PBXNativeTarget "MyBalanceInquiryTests" */ = {
			isa = XCConfigurationList;
			buildConfigurations = (
				7FF803951D916039001ACB83 /* Debug */,
				7FF803961D916039001ACB83 /* Release */,
			);
			defaultConfigurationIsVisible = 0;
			defaultConfigurationName = Release;
		};
		7FF803971D916039001ACB83 /* Build configuration list for PBXNativeTarget "MyBalanceInquiryUITests" */ = {
			isa = XCConfigurationList;
			buildConfigurations = (
				7FF803981D916039001ACB83 /* Debug */,
				7FF803991D916039001ACB83 /* Release */,
			);
			defaultConfigurationIsVisible = 0;
			defaultConfigurationName = Release;
		};
/* End XCConfigurationList section */
	};
	rootObject = 7FF803611D916039001ACB83 /* Project object */;
}
